// !$*UTF8*$!
{
	archiveVersion = 1;
	classes = {
	};
	objectVersion = 56;
	objects = {

/* Begin PBXBuildFile section */
		0B5001032BADD53700C8E91A /* AppDelegate.swift in Sources */ = {isa = PBXBuildFile; fileRef = 0B5001022BADD53700C8E91A /* AppDelegate.swift */; };
		0B5001052BADD53700C8E91A /* SceneDelegate.swift in Sources */ = {isa = PBXBuildFile; fileRef = 0B5001042BADD53700C8E91A /* SceneDelegate.swift */; };
		0B5001072BADD53700C8E91A /* CalcController.swift in Sources */ = {isa = PBXBuildFile; fileRef = 0B5001062BADD53700C8E91A /* CalcController.swift */; };
		0B50010C2BADD53900C8E91A /* Assets.xcassets in Resources */ = {isa = PBXBuildFile; fileRef = 0B50010B2BADD53900C8E91A /* Assets.xcassets */; };
		0B50010F2BADD53900C8E91A /* LaunchScreen.storyboard in Resources */ = {isa = PBXBuildFile; fileRef = 0B50010D2BADD53900C8E91A /* LaunchScreen.storyboard */; };
		0B50011A2BADD60800C8E91A /* CalcControllerViewModel.swift in Sources */ = {isa = PBXBuildFile; fileRef = 0B5001192BADD60800C8E91A /* CalcControllerViewModel.swift */; };
		0B50011C2BADD64000C8E91A /* ButtonCell.swift in Sources */ = {isa = PBXBuildFile; fileRef = 0B50011B2BADD64000C8E91A /* ButtonCell.swift */; };
		0B50011E2BADD6A100C8E91A /* CalcHeaderCell.swift in Sources */ = {isa = PBXBuildFile; fileRef = 0B50011D2BADD6A100C8E91A /* CalcHeaderCell.swift */; };
		0B5001202BADD6C700C8E91A /* CalculatorButton.swift in Sources */ = {isa = PBXBuildFile; fileRef = 0B50011F2BADD6C700C8E91A /* CalculatorButton.swift */; };
		0B6A19B72BAF2A8400B09AC6 /* CalculatorOperation.swift in Sources */ = {isa = PBXBuildFile; fileRef = 0B6A19B62BAF2A8400B09AC6 /* CalculatorOperation.swift */; };
		0B6A19B92BAF2BA400B09AC6 /* Extensions.swift in Sources */ = {isa = PBXBuildFile; fileRef = 0B6A19B82BAF2BA400B09AC6 /* Extensions.swift */; };
/* End PBXBuildFile section */

/* Begin PBXFileReference section */
		0B5000FF2BADD53700C8E91A /* CalculatorAppClone.app */ = {isa = PBXFileReference; explicitFileType = wrapper.application; includeInIndex = 0; path = CalculatorAppClone.app; sourceTree = BUILT_PRODUCTS_DIR; };
		0B5001022BADD53700C8E91A /* AppDelegate.swift */ = {isa = PBXFileReference; lastKnownFileType = sourcecode.swift; path = AppDelegate.swift; sourceTree = "<group>"; };
		0B5001042BADD53700C8E91A /* SceneDelegate.swift */ = {isa = PBXFileReference; lastKnownFileType = sourcecode.swift; path = SceneDelegate.swift; sourceTree = "<group>"; };
		0B5001062BADD53700C8E91A /* CalcController.swift */ = {isa = PBXFileReference; lastKnownFileType = sourcecode.swift; path = CalcController.swift; sourceTree = "<group>"; };
		0B50010B2BADD53900C8E91A /* Assets.xcassets */ = {isa = PBXFileReference; lastKnownFileType = folder.assetcatalog; path = Assets.xcassets; sourceTree = "<group>"; };
		0B50010E2BADD53900C8E91A /* Base */ = {isa = PBXFileReference; lastKnownFileType = file.storyboard; name = Base; path = Base.lproj/LaunchScreen.storyboard; sourceTree = "<group>"; };
		0B5001102BADD53900C8E91A /* Info.plist */ = {isa = PBXFileReference; lastKnownFileType = text.plist.xml; path = Info.plist; sourceTree = "<group>"; };
		0B5001192BADD60800C8E91A /* CalcControllerViewModel.swift */ = {isa = PBXFileReference; lastKnownFileType = sourcecode.swift; path = CalcControllerViewModel.swift; sourceTree = "<group>"; };
		0B50011B2BADD64000C8E91A /* ButtonCell.swift */ = {isa = PBXFileReference; lastKnownFileType = sourcecode.swift; path = ButtonCell.swift; sourceTree = "<group>"; };
		0B50011D2BADD6A100C8E91A /* CalcHeaderCell.swift */ = {isa = PBXFileReference; lastKnownFileType = sourcecode.swift; path = CalcHeaderCell.swift; sourceTree = "<group>"; };
		0B50011F2BADD6C700C8E91A /* CalculatorButton.swift */ = {isa = PBXFileReference; lastKnownFileType = sourcecode.swift; path = CalculatorButton.swift; sourceTree = "<group>"; };
		0B6A19B62BAF2A8400B09AC6 /* CalculatorOperation.swift */ = {isa = PBXFileReference; lastKnownFileType = sourcecode.swift; path = CalculatorOperation.swift; sourceTree = "<group>"; };
		0B6A19B82BAF2BA400B09AC6 /* Extensions.swift */ = {isa = PBXFileReference; lastKnownFileType = sourcecode.swift; path = Extensions.swift; sourceTree = "<group>"; };
/* End PBXFileReference section */

/* Begin PBXFrameworksBuildPhase section */
		0B5000FC2BADD53700C8E91A /* Frameworks */ = {
			isa = PBXFrameworksBuildPhase;
			buildActionMask = 2147483647;
			files = (
			);
			runOnlyForDeploymentPostprocessing = 0;
		};
/* End PBXFrameworksBuildPhase section */

/* Begin PBXGroup section */
		0B5000F62BADD53700C8E91A = {
			isa = PBXGroup;
			children = (
				0B5001012BADD53700C8E91A /* CalculatorAppClone */,
				0B5001002BADD53700C8E91A /* Products */,
			);
			sourceTree = "<group>";
		};
		0B5001002BADD53700C8E91A /* Products */ = {
			isa = PBXGroup;
			children = (
				0B5000FF2BADD53700C8E91A /* CalculatorAppClone.app */,
			);
			name = Products;
			sourceTree = "<group>";
		};
		0B5001012BADD53700C8E91A /* CalculatorAppClone */ = {
			isa = PBXGroup;
			children = (
				0B5001062BADD53700C8E91A /* CalcController.swift */,
				0B5001192BADD60800C8E91A /* CalcControllerViewModel.swift */,
				0B5001172BADD5B400C8E91A /* Views */,
				0B5001182BADD5BA00C8E91A /* Models */,
				0B5001162BADD58E00C8E91A /* Supporting */,
				0B5001102BADD53900C8E91A /* Info.plist */,
			);
			path = CalculatorAppClone;
			sourceTree = "<group>";
		};
		0B5001162BADD58E00C8E91A /* Supporting */ = {
			isa = PBXGroup;
			children = (
				0B5001022BADD53700C8E91A /* AppDelegate.swift */,
				0B5001042BADD53700C8E91A /* SceneDelegate.swift */,
				0B6A19B82BAF2BA400B09AC6 /* Extensions.swift */,
				0B50010B2BADD53900C8E91A /* Assets.xcassets */,
				0B50010D2BADD53900C8E91A /* LaunchScreen.storyboard */,
			);
			path = Supporting;
			sourceTree = "<group>";
		};
		0B5001172BADD5B400C8E91A /* Views */ = {
			isa = PBXGroup;
			children = (
				0B50011D2BADD6A100C8E91A /* CalcHeaderCell.swift */,
				0B50011B2BADD64000C8E91A /* ButtonCell.swift */,
			);
			path = Views;
			sourceTree = "<group>";
		};
		0B5001182BADD5BA00C8E91A /* Models */ = {
			isa = PBXGroup;
			children = (
				0B50011F2BADD6C700C8E91A /* CalculatorButton.swift */,
				0B6A19B62BAF2A8400B09AC6 /* CalculatorOperation.swift */,
			);
			path = Models;
			sourceTree = "<group>";
		};
/* End PBXGroup section */

/* Begin PBXNativeTarget section */
		0B5000FE2BADD53700C8E91A /* CalculatorAppClone */ = {
			isa = PBXNativeTarget;
			buildConfigurationList = 0B5001132BADD53900C8E91A /* Build configuration list for PBXNativeTarget "CalculatorAppClone" */;
			buildPhases = (
				0B5000FB2BADD53700C8E91A /* Sources */,
				0B5000FC2BADD53700C8E91A /* Frameworks */,
				0B5000FD2BADD53700C8E91A /* Resources */,
			);
			buildRules = (
			);
			dependencies = (
			);
			name = CalculatorAppClone;
			productName = CalculatorAppClone;
			productReference = 0B5000FF2BADD53700C8E91A /* CalculatorAppClone.app */;
			productType = "com.apple.product-type.application";
		};
/* End PBXNativeTarget section */

/* Begin PBXProject section */
		0B5000F72BADD53700C8E91A /* Project object */ = {
			isa = PBXProject;
			attributes = {
				BuildIndependentTargetsInParallel = 1;
				LastSwiftUpdateCheck = 1510;
				LastUpgradeCheck = 1510;
				TargetAttributes = {
					0B5000FE2BADD53700C8E91A = {
						CreatedOnToolsVersion = 15.1;
					};
				};
			};
			buildConfigurationList = 0B5000FA2BADD53700C8E91A /* Build configuration list for PBXProject "CalculatorAppClone" */;
			compatibilityVersion = "Xcode 14.0";
			developmentRegion = en;
			hasScannedForEncodings = 0;
			knownRegions = (
				en,
				Base,
			);
			mainGroup = 0B5000F62BADD53700C8E91A;
			productRefGroup = 0B5001002BADD53700C8E91A /* Products */;
			projectDirPath = "";
			projectRoot = "";
			targets = (
				0B5000FE2BADD53700C8E91A /* CalculatorAppClone */,
			);
		};
/* End PBXProject section */

/* Begin PBXResourcesBuildPhase section */
		0B5000FD2BADD53700C8E91A /* Resources */ = {
			isa = PBXResourcesBuildPhase;
			buildActionMask = 2147483647;
			files = (
				0B50010F2BADD53900C8E91A /* LaunchScreen.storyboard in Resources */,
				0B50010C2BADD53900C8E91A /* Assets.xcassets in Resources */,
			);
			runOnlyForDeploymentPostprocessing = 0;
		};
/* End PBXResourcesBuildPhase section */

/* Begin PBXSourcesBuildPhase section */
		0B5000FB2BADD53700C8E91A /* Sources */ = {
			isa = PBXSourcesBuildPhase;
			buildActionMask = 2147483647;
			files = (
				0B5001072BADD53700C8E91A /* CalcController.swift in Sources */,
				0B6A19B92BAF2BA400B09AC6 /* Extensions.swift in Sources */,
				0B5001202BADD6C700C8E91A /* CalculatorButton.swift in Sources */,
				0B5001032BADD53700C8E91A /* AppDelegate.swift in Sources */,
				0B5001052BADD53700C8E91A /* SceneDelegate.swift in Sources */,
				0B50011E2BADD6A100C8E91A /* CalcHeaderCell.swift in Sources */,
				0B50011C2BADD64000C8E91A /* ButtonCell.swift in Sources */,
				0B50011A2BADD60800C8E91A /* CalcControllerViewModel.swift in Sources */,
				0B6A19B72BAF2A8400B09AC6 /* CalculatorOperation.swift in Sources */,
			);
			runOnlyForDeploymentPostprocessing = 0;
		};
/* End PBXSourcesBuildPhase section */

/* Begin PBXVariantGroup section */
		0B50010D2BADD53900C8E91A /* LaunchScreen.storyboard */ = {
			isa = PBXVariantGroup;
			children = (
				0B50010E2BADD53900C8E91A /* Base */,
			);
			name = LaunchScreen.storyboard;
			sourceTree = "<group>";
		};
/* End PBXVariantGroup section */

/* Begin XCBuildConfiguration section */
		0B5001112BADD53900C8E91A /* Debug */ = {
			isa = XCBuildConfiguration;
			buildSettings = {
				ALWAYS_SEARCH_USER_PATHS = NO;
				ASSETCATALOG_COMPILER_GENERATE_SWIFT_ASSET_SYMBOL_EXTENSIONS = YES;
				CLANG_ANALYZER_NONNULL = YES;
				CLANG_ANALYZER_NUMBER_OBJECT_CONVERSION = YES_AGGRESSIVE;
				CLANG_CXX_LANGUAGE_STANDARD = "gnu++20";
				CLANG_ENABLE_MODULES = YES;
				CLANG_ENABLE_OBJC_ARC = YES;
				CLANG_ENABLE_OBJC_WEAK = YES;
				CLANG_WARN_BLOCK_CAPTURE_AUTORELEASING = YES;
				CLANG_WARN_BOOL_CONVERSION = YES;
				CLANG_WARN_COMMA = YES;
				CLANG_WARN_CONSTANT_CONVERSION = YES;
				CLANG_WARN_DEPRECATED_OBJC_IMPLEMENTATIONS = YES;
				CLANG_WARN_DIRECT_OBJC_ISA_USAGE = YES_ERROR;
				CLANG_WARN_DOCUMENTATION_COMMENTS = YES;
				CLANG_WARN_EMPTY_BODY = YES;
				CLANG_WARN_ENUM_CONVERSION = YES;
				CLANG_WARN_INFINITE_RECURSION = YES;
				CLANG_WARN_INT_CONVERSION = YES;
				CLANG_WARN_NON_LITERAL_NULL_CONVERSION = YES;
				CLANG_WARN_OBJC_IMPLICIT_RETAIN_SELF = YES;
				CLANG_WARN_OBJC_LITERAL_CONVERSION = YES;
				CLANG_WARN_OBJC_ROOT_CLASS = YES_ERROR;
				CLANG_WARN_QUOTED_INCLUDE_IN_FRAMEWORK_HEADER = YES;
				CLANG_WARN_RANGE_LOOP_ANALYSIS = YES;
				CLANG_WARN_STRICT_PROTOTYPES = YES;
				CLANG_WARN_SUSPICIOUS_MOVE = YES;
				CLANG_WARN_UNGUARDED_AVAILABILITY = YES_AGGRESSIVE;
				CLANG_WARN_UNREACHABLE_CODE = YES;
				CLANG_WARN__DUPLICATE_METHOD_MATCH = YES;
				COPY_PHASE_STRIP = NO;
				DEBUG_INFORMATION_FORMAT = dwarf;
				ENABLE_STRICT_OBJC_MSGSEND = YES;
				ENABLE_TESTABILITY = YES;
				ENABLE_USER_SCRIPT_SANDBOXING = YES;
				GCC_C_LANGUAGE_STANDARD = gnu17;
				GCC_DYNAMIC_NO_PIC = NO;
				GCC_NO_COMMON_BLOCKS = YES;
				GCC_OPTIMIZATION_LEVEL = 0;
				GCC_PREPROCESSOR_DEFINITIONS = (
					"DEBUG=1",
					"$(inherited)",
				);
				GCC_WARN_64_TO_32_BIT_CONVERSION = YES;
				GCC_WARN_ABOUT_RETURN_TYPE = YES_ERROR;
				GCC_WARN_UNDECLARED_SELECTOR = YES;
				GCC_WARN_UNINITIALIZED_AUTOS = YES_AGGRESSIVE;
				GCC_WARN_UNUSED_FUNCTION = YES;
				GCC_WARN_UNUSED_VARIABLE = YES;
				IPHONEOS_DEPLOYMENT_TARGET = 17.2;
				LOCALIZATION_PREFERS_STRING_CATALOGS = YES;
				MTL_ENABLE_DEBUG_INFO = INCLUDE_SOURCE;
				MTL_FAST_MATH = YES;
				ONLY_ACTIVE_ARCH = YES;
				SDKROOT = iphoneos;
				SWIFT_ACTIVE_COMPILATION_CONDITIONS = "DEBUG $(inherited)";
				SWIFT_OPTIMIZATION_LEVEL = "-Onone";
			};
			name = Debug;
		};
		0B5001122BADD53900C8E91A /* Release */ = {
			isa = XCBuildConfiguration;
			buildSettings = {
				ALWAYS_SEARCH_USER_PATHS = NO;
				ASSETCATALOG_COMPILER_GENERATE_SWIFT_ASSET_SYMBOL_EXTENSIONS = YES;
				CLANG_ANALYZER_NONNULL = YES;
				CLANG_ANALYZER_NUMBER_OBJECT_CONVERSION = YES_AGGRESSIVE;
				CLANG_CXX_LANGUAGE_STANDARD = "gnu++20";
				CLANG_ENABLE_MODULES = YES;
				CLANG_ENABLE_OBJC_ARC = YES;
				CLANG_ENABLE_OBJC_WEAK = YES;
				CLANG_WARN_BLOCK_CAPTURE_AUTORELEASING = YES;
				CLANG_WARN_BOOL_CONVERSION = YES;
				CLANG_WARN_COMMA = YES;
				CLANG_WARN_CONSTANT_CONVERSION = YES;
				CLANG_WARN_DEPRECATED_OBJC_IMPLEMENTATIONS = YES;
				CLANG_WARN_DIRECT_OBJC_ISA_USAGE = YES_ERROR;
				CLANG_WARN_DOCUMENTATION_COMMENTS = YES;
				CLANG_WARN_EMPTY_BODY = YES;
				CLANG_WARN_ENUM_CONVERSION = YES;
				CLANG_WARN_INFINITE_RECURSION = YES;
				CLANG_WARN_INT_CONVERSION = YES;
				CLANG_WARN_NON_LITERAL_NULL_CONVERSION = YES;
				CLANG_WARN_OBJC_IMPLICIT_RETAIN_SELF = YES;
				CLANG_WARN_OBJC_LITERAL_CONVERSION = YES;
				CLANG_WARN_OBJC_ROOT_CLASS = YES_ERROR;
				CLANG_WARN_QUOTED_INCLUDE_IN_FRAMEWORK_HEADER = YES;
				CLANG_WARN_RANGE_LOOP_ANALYSIS = YES;
				CLANG_WARN_STRICT_PROTOTYPES = YES;
				CLANG_WARN_SUSPICIOUS_MOVE = YES;
				CLANG_WARN_UNGUARDED_AVAILABILITY = YES_AGGRESSIVE;
				CLANG_WARN_UNREACHABLE_CODE = YES;
				CLANG_WARN__DUPLICATE_METHOD_MATCH = YES;
				COPY_PHASE_STRIP = NO;
				DEBUG_INFORMATION_FORMAT = "dwarf-with-dsym";
				ENABLE_NS_ASSERTIONS = NO;
				ENABLE_STRICT_OBJC_MSGSEND = YES;
				ENABLE_USER_SCRIPT_SANDBOXING = YES;
				GCC_C_LANGUAGE_STANDARD = gnu17;
				GCC_NO_COMMON_BLOCKS = YES;
				GCC_WARN_64_TO_32_BIT_CONVERSION = YES;
				GCC_WARN_ABOUT_RETURN_TYPE = YES_ERROR;
				GCC_WARN_UNDECLARED_SELECTOR = YES;
				GCC_WARN_UNINITIALIZED_AUTOS = YES_AGGRESSIVE;
				GCC_WARN_UNUSED_FUNCTION = YES;
				GCC_WARN_UNUSED_VARIABLE = YES;
				IPHONEOS_DEPLOYMENT_TARGET = 17.2;
				LOCALIZATION_PREFERS_STRING_CATALOGS = YES;
				MTL_ENABLE_DEBUG_INFO = NO;
				MTL_FAST_MATH = YES;
				SDKROOT = iphoneos;
				SWIFT_COMPILATION_MODE = wholemodule;
				VALIDATE_PRODUCT = YES;
			};
			name = Release;
		};
		0B5001142BADD53900C8E91A /* Debug */ = {
			isa = XCBuildConfiguration;
			buildSettings = {
				ASSETCATALOG_COMPILER_APPICON_NAME = AppIcon;
				ASSETCATALOG_COMPILER_GLOBAL_ACCENT_COLOR_NAME = AccentColor;
				CODE_SIGN_STYLE = Automatic;
				CURRENT_PROJECT_VERSION = 1;
				DEVELOPMENT_TEAM = KWVJ99C465;
				GENERATE_INFOPLIST_FILE = YES;
				INFOPLIST_FILE = CalculatorAppClone/Info.plist;
				INFOPLIST_KEY_UIApplicationSupportsIndirectInputEvents = YES;
				INFOPLIST_KEY_UILaunchStoryboardName = LaunchScreen;
				INFOPLIST_KEY_UISupportedInterfaceOrientations_iPad = "UIInterfaceOrientationPortrait UIInterfaceOrientationPortraitUpsideDown UIInterfaceOrientationLandscapeLeft UIInterfaceOrientationLandscapeRight";
				INFOPLIST_KEY_UISupportedInterfaceOrientations_iPhone = "UIInterfaceOrientationPortrait UIInterfaceOrientationLandscapeLeft UIInterfaceOrientationLandscapeRight";
				LD_RUNPATH_SEARCH_PATHS = (
					"$(inherited)",
					"@executable_path/Frameworks",
				);
				MARKETING_VERSION = 1.0;
				PRODUCT_BUNDLE_IDENTIFIER = kr.xoul.CalculatorAppClone;
				PRODUCT_NAME = "$(TARGET_NAME)";
				SWIFT_EMIT_LOC_STRINGS = YES;
				SWIFT_VERSION = 5.0;
				TARGETED_DEVICE_FAMILY = "1,2";
			};
			name = Debug;
		};
		0B5001152BADD53900C8E91A /* Release */ = {
			isa = XCBuildConfiguration;
			buildSettings = {
				ASSETCATALOG_COMPILER_APPICON_NAME = AppIcon;
				ASSETCATALOG_COMPILER_GLOBAL_ACCENT_COLOR_NAME = AccentColor;
				CODE_SIGN_STYLE = Automatic;
				CURRENT_PROJECT_VERSION = 1;
				DEVELOPMENT_TEAM = KWVJ99C465;
				GENERATE_INFOPLIST_FILE = YES;
				INFOPLIST_FILE = CalculatorAppClone/Info.plist;
				INFOPLIST_KEY_UIApplicationSupportsIndirectInputEvents = YES;
				INFOPLIST_KEY_UILaunchStoryboardName = LaunchScreen;
				INFOPLIST_KEY_UISupportedInterfaceOrientations_iPad = "UIInterfaceOrientationPortrait UIInterfaceOrientationPortraitUpsideDown UIInterfaceOrientationLandscapeLeft UIInterfaceOrientationLandscapeRight";
				INFOPLIST_KEY_UISupportedInterfaceOrientations_iPhone = "UIInterfaceOrientationPortrait UIInterfaceOrientationLandscapeLeft UIInterfaceOrientationLandscapeRight";
				LD_RUNPATH_SEARCH_PATHS = (
					"$(inherited)",
					"@executable_path/Frameworks",
				);
				MARKETING_VERSION = 1.0;
				PRODUCT_BUNDLE_IDENTIFIER = kr.xoul.CalculatorAppClone;
				PRODUCT_NAME = "$(TARGET_NAME)";
				SWIFT_EMIT_LOC_STRINGS = YES;
				SWIFT_VERSION = 5.0;
				TARGETED_DEVICE_FAMILY = "1,2";
			};
			name = Release;
		};
/* End XCBuildConfiguration section */

/* Begin XCConfigurationList section */
		0B5000FA2BADD53700C8E91A /* Build configuration list for PBXProject "CalculatorAppClone" */ = {
			isa = XCConfigurationList;
			buildConfigurations = (
				0B5001112BADD53900C8E91A /* Debug */,
				0B5001122BADD53900C8E91A /* Release */,
			);
			defaultConfigurationIsVisible = 0;
			defaultConfigurationName = Release;
		};
		0B5001132BADD53900C8E91A /* Build configuration list for PBXNativeTarget "CalculatorAppClone" */ = {
			isa = XCConfigurationList;
			buildConfigurations = (
				0B5001142BADD53900C8E91A /* Debug */,
				0B5001152BADD53900C8E91A /* Release */,
			);
			defaultConfigurationIsVisible = 0;
			defaultConfigurationName = Release;
		};
/* End XCConfigurationList section */
	};
	rootObject = 0B5000F72BADD53700C8E91A /* Project object */;
}
